// !$*UTF8*$!
{
	archiveVersion = 1;
	classes = {
	};
	objectVersion = 46;
	objects = {

/* Begin PBXBuildFile section */
		2C236AC51CBDA7C400461274 /* function_realization.cpp in Sources */ = {isa = PBXBuildFile; fileRef = 2C236AC31CBDA7C400461274 /* function_realization.cpp */; };
		2C236ACD1CBECD3400461274 /* gramm_analyzer.cpp in Sources */ = {isa = PBXBuildFile; fileRef = 2C236ACB1CBECD3400461274 /* gramm_analyzer.cpp */; };
		4F9A30791C99CF7800E8CF9C /* main.cpp in Sources */ = {isa = PBXBuildFile; fileRef = 4F9A30781C99CF7800E8CF9C /* main.cpp */; };
		4F9A30841C9A3DF400E8CF9C /* table_printer.cpp in Sources */ = {isa = PBXBuildFile; fileRef = 4F9A30831C9A3DF400E8CF9C /* table_printer.cpp */; };
/* End PBXBuildFile section */

/* Begin PBXCopyFilesBuildPhase section */
		4F9A30731C99CF7700E8CF9C /* CopyFiles */ = {
			isa = PBXCopyFilesBuildPhase;
			buildActionMask = 2147483647;
			dstPath = /usr/share/man/man1/;
			dstSubfolderSpec = 0;
			files = (
			);
			runOnlyForDeploymentPostprocessing = 1;
		};
/* End PBXCopyFilesBuildPhase section */

/* Begin PBXFileReference section */
		2C236AC31CBDA7C400461274 /* function_realization.cpp */ = {isa = PBXFileReference; fileEncoding = 4; lastKnownFileType = sourcecode.cpp.cpp; path = function_realization.cpp; sourceTree = "<group>"; };
		2C236AC41CBDA7C400461274 /* function_realization.hpp */ = {isa = PBXFileReference; fileEncoding = 4; lastKnownFileType = sourcecode.cpp.h; path = function_realization.hpp; sourceTree = "<group>"; };
		2C236AC61CBDA8ED00461274 /* stdafx.h */ = {isa = PBXFileReference; lastKnownFileType = sourcecode.c.h; path = stdafx.h; sourceTree = "<group>"; };
		2C236ACA1CBEAC7200461274 /* common_data.h */ = {isa = PBXFileReference; lastKnownFileType = sourcecode.c.h; path = common_data.h; sourceTree = "<group>"; };
		2C236ACB1CBECD3400461274 /* gramm_analyzer.cpp */ = {isa = PBXFileReference; fileEncoding = 4; lastKnownFileType = sourcecode.cpp.cpp; path = gramm_analyzer.cpp; sourceTree = "<group>"; };
		2C236ACC1CBECD3400461274 /* gramm_analyzer.hpp */ = {isa = PBXFileReference; fileEncoding = 4; lastKnownFileType = sourcecode.cpp.h; path = gramm_analyzer.hpp; sourceTree = "<group>"; };
		2C236B311CC6321900461274 /* gram.txt */ = {isa = PBXFileReference; lastKnownFileType = text; path = gram.txt; sourceTree = "<group>"; };
		2C236B321CC6335100461274 /* test.asm */ = {isa = PBXFileReference; lastKnownFileType = sourcecode.asm.asm; path = test.asm; sourceTree = "<group>"; };
		2C236B331CC6369800461274 /* Rightres_two.txt */ = {isa = PBXFileReference; fileEncoding = 4; lastKnownFileType = text; path = Rightres_two.txt; sourceTree = "<group>"; };
		4F5B9FFC1CAD3F9200A800C4 /* lexical_analyser.py */ = {isa = PBXFileReference; lastKnownFileType = text.script.python; path = lexical_analyser.py; sourceTree = "<group>"; };
		4F9A30751C99CF7800E8CF9C /* Compiler */ = {isa = PBXFileReference; explicitFileType = "compiled.mach-o.executable"; includeInIndex = 0; path = Compiler; sourceTree = BUILT_PRODUCTS_DIR; };
		4F9A30781C99CF7800E8CF9C /* main.cpp */ = {isa = PBXFileReference; lastKnownFileType = sourcecode.cpp.cpp; path = main.cpp; sourceTree = "<group>"; };
		4F9A30811C9A3DDF00E8CF9C /* table_printer.h */ = {isa = PBXFileReference; lastKnownFileType = sourcecode.c.h; path = table_printer.h; sourceTree = "<group>"; };
		4F9A30821C9A3DE800E8CF9C /* table_printer.tpp.h */ = {isa = PBXFileReference; lastKnownFileType = sourcecode.c.h; path = table_printer.tpp.h; sourceTree = "<group>"; };
		4F9A30831C9A3DF400E8CF9C /* table_printer.cpp */ = {isa = PBXFileReference; fileEncoding = 4; lastKnownFileType = sourcecode.cpp.cpp; path = table_printer.cpp; sourceTree = "<group>"; };
/* End PBXFileReference section */

/* Begin PBXFrameworksBuildPhase section */
		4F9A30721C99CF7700E8CF9C /* Frameworks */ = {
			isa = PBXFrameworksBuildPhase;
			buildActionMask = 2147483647;
			files = (
			);
			runOnlyForDeploymentPostprocessing = 0;
		};
/* End PBXFrameworksBuildPhase section */

/* Begin PBXGroup section */
		4F9A306C1C99CF7700E8CF9C = {
			isa = PBXGroup;
			children = (
				4F9A30771C99CF7800E8CF9C /* LexicalAnalyzer */,
				4F9A30761C99CF7800E8CF9C /* Products */,
			);
			sourceTree = "<group>";
		};
		4F9A30761C99CF7800E8CF9C /* Products */ = {
			isa = PBXGroup;
			children = (
				4F9A30751C99CF7800E8CF9C /* Compiler */,
			);
			name = Products;
			sourceTree = "<group>";
		};
		4F9A30771C99CF7800E8CF9C /* LexicalAnalyzer */ = {
			isa = PBXGroup;
			children = (
				4F9A30781C99CF7800E8CF9C /* main.cpp */,
				2C236AC31CBDA7C400461274 /* function_realization.cpp */,
				2C236AC41CBDA7C400461274 /* function_realization.hpp */,
				2C236ACB1CBECD3400461274 /* gramm_analyzer.cpp */,
				2C236ACC1CBECD3400461274 /* gramm_analyzer.hpp */,
				4F9A30831C9A3DF400E8CF9C /* table_printer.cpp */,
				4F9A30821C9A3DE800E8CF9C /* table_printer.tpp.h */,
				4F9A30811C9A3DDF00E8CF9C /* table_printer.h */,
				2C236AC61CBDA8ED00461274 /* stdafx.h */,
				2C236ACA1CBEAC7200461274 /* common_data.h */,
				2C236B321CC6335100461274 /* test.asm */,
				2C236B311CC6321900461274 /* gram.txt */,
				2C236B331CC6369800461274 /* Rightres_two.txt */,
				4F5B9FFC1CAD3F9200A800C4 /* lexical_analyser.py */,
			);
			path = LexicalAnalyzer;
			sourceTree = "<group>";
		};
/* End PBXGroup section */

/* Begin PBXNativeTarget section */
		4F9A30741C99CF7700E8CF9C /* Compiler */ = {
			isa = PBXNativeTarget;
			buildConfigurationList = 4F9A307C1C99CF7800E8CF9C /* Build configuration list for PBXNativeTarget "Compiler" */;
			buildPhases = (
				4F9A30711C99CF7700E8CF9C /* Sources */,
				4F9A30721C99CF7700E8CF9C /* Frameworks */,
				4F9A30731C99CF7700E8CF9C /* CopyFiles */,
			);
			buildRules = (
			);
			dependencies = (
			);
			name = Compiler;
			productName = LexicalAnalyzer;
			productReference = 4F9A30751C99CF7800E8CF9C /* Compiler */;
			productType = "com.apple.product-type.tool";
		};
/* End PBXNativeTarget section */

/* Begin PBXProject section */
		4F9A306D1C99CF7700E8CF9C /* Project object */ = {
			isa = PBXProject;
			attributes = {
				LastUpgradeCheck = 0720;
				ORGANIZATIONNAME = "Ivan Tkachenko";
				TargetAttributes = {
					4F9A30741C99CF7700E8CF9C = {
						CreatedOnToolsVersion = 7.2.1;
					};
				};
			};
			buildConfigurationList = 4F9A30701C99CF7700E8CF9C /* Build configuration list for PBXProject "Compiler" */;
			compatibilityVersion = "Xcode 3.2";
			developmentRegion = English;
			hasScannedForEncodings = 0;
			knownRegions = (
				en,
			);
			mainGroup = 4F9A306C1C99CF7700E8CF9C;
			productRefGroup = 4F9A30761C99CF7800E8CF9C /* Products */;
			projectDirPath = "";
			projectRoot = "";
			targets = (
				4F9A30741C99CF7700E8CF9C /* Compiler */,
			);
		};
/* End PBXProject section */

/* Begin PBXSourcesBuildPhase section */
		4F9A30711C99CF7700E8CF9C /* Sources */ = {
			isa = PBXSourcesBuildPhase;
			buildActionMask = 2147483647;
			files = (
				2C236ACD1CBECD3400461274 /* gramm_analyzer.cpp in Sources */,
				2C236AC51CBDA7C400461274 /* function_realization.cpp in Sources */,
				4F9A30841C9A3DF400E8CF9C /* table_printer.cpp in Sources */,
				4F9A30791C99CF7800E8CF9C /* main.cpp in Sources */,
			);
			runOnlyForDeploymentPostprocessing = 0;
		};
/* End PBXSourcesBuildPhase section */

/* Begin XCBuildConfiguration section */
		4F9A307A1C99CF7800E8CF9C /* Debug */ = {
			isa = XCBuildConfiguration;
			buildSettings = {
				ALWAYS_SEARCH_USER_PATHS = NO;
				CLANG_CXX_LANGUAGE_STANDARD = "gnu++0x";
				CLANG_CXX_LIBRARY = "libc++";
				CLANG_ENABLE_MODULES = YES;
				CLANG_ENABLE_OBJC_ARC = YES;
				CLANG_WARN_BOOL_CONVERSION = YES;
				CLANG_WARN_CONSTANT_CONVERSION = YES;
				CLANG_WARN_DIRECT_OBJC_ISA_USAGE = YES_ERROR;
				CLANG_WARN_EMPTY_BODY = YES;
				CLANG_WARN_ENUM_CONVERSION = YES;
				CLANG_WARN_INT_CONVERSION = YES;
				CLANG_WARN_OBJC_ROOT_CLASS = YES_ERROR;
				CLANG_WARN_UNREACHABLE_CODE = YES;
				CLANG_WARN__DUPLICATE_METHOD_MATCH = YES;
				CODE_SIGN_IDENTITY = "-";
				COPY_PHASE_STRIP = NO;
				DEBUG_INFORMATION_FORMAT = dwarf;
				ENABLE_STRICT_OBJC_MSGSEND = YES;
				ENABLE_TESTABILITY = YES;
				GCC_C_LANGUAGE_STANDARD = gnu99;
				GCC_DYNAMIC_NO_PIC = NO;
				GCC_NO_COMMON_BLOCKS = YES;
				GCC_OPTIMIZATION_LEVEL = 0;
				GCC_PREPROCESSOR_DEFINITIONS = (
					"DEBUG=1",
					"$(inherited)",
				);
				GCC_WARN_64_TO_32_BIT_CONVERSION = YES;
				GCC_WARN_ABOUT_RETURN_TYPE = YES_ERROR;
				GCC_WARN_UNDECLARED_SELECTOR = YES;
				GCC_WARN_UNINITIALIZED_AUTOS = YES_AGGRESSIVE;
				GCC_WARN_UNUSED_FUNCTION = YES;
				GCC_WARN_UNUSED_VARIABLE = YES;
				MACOSX_DEPLOYMENT_TARGET = 10.11;
				MTL_ENABLE_DEBUG_INFO = YES;
				ONLY_ACTIVE_ARCH = YES;
				SDKROOT = macosx;
			};
			name = Debug;
		};
		4F9A307B1C99CF7800E8CF9C /* Release */ = {
			isa = XCBuildConfiguration;
			buildSettings = {
				ALWAYS_SEARCH_USER_PATHS = NO;
				CLANG_CXX_LANGUAGE_STANDARD = "gnu++0x";
				CLANG_CXX_LIBRARY = "libc++";
				CLANG_ENABLE_MODULES = YES;
				CLANG_ENABLE_OBJC_ARC = YES;
				CLANG_WARN_BOOL_CONVERSION = YES;
				CLANG_WARN_CONSTANT_CONVERSION = YES;
				CLANG_WARN_DIRECT_OBJC_ISA_USAGE = YES_ERROR;
				CLANG_WARN_EMPTY_BODY = YES;
				CLANG_WARN_ENUM_CONVERSION = YES;
				CLANG_WARN_INT_CONVERSION = YES;
				CLANG_WARN_OBJC_ROOT_CLASS = YES_ERROR;
				CLANG_WARN_UNREACHABLE_CODE = YES;
				CLANG_WARN__DUPLICATE_METHOD_MATCH = YES;
				CODE_SIGN_IDENTITY = "-";
				COPY_PHASE_STRIP = NO;
				DEBUG_INFORMATION_FORMAT = "dwarf-with-dsym";
				ENABLE_NS_ASSERTIONS = NO;
				ENABLE_STRICT_OBJC_MSGSEND = YES;
				GCC_C_LANGUAGE_STANDARD = gnu99;
				GCC_NO_COMMON_BLOCKS = YES;
				GCC_WARN_64_TO_32_BIT_CONVERSION = YES;
				GCC_WARN_ABOUT_RETURN_TYPE = YES_ERROR;
				GCC_WARN_UNDECLARED_SELECTOR = YES;
				GCC_WARN_UNINITIALIZED_AUTOS = YES_AGGRESSIVE;
				GCC_WARN_UNUSED_FUNCTION = YES;
				GCC_WARN_UNUSED_VARIABLE = YES;
				MACOSX_DEPLOYMENT_TARGET = 10.11;
				MTL_ENABLE_DEBUG_INFO = NO;
				SDKROOT = macosx;
			};
			name = Release;
		};
		4F9A307D1C99CF7800E8CF9C /* Debug */ = {
			isa = XCBuildConfiguration;
			buildSettings = {
				PRODUCT_NAME = Compiler;
			};
			name = Debug;
		};
		4F9A307E1C99CF7800E8CF9C /* Release */ = {
			isa = XCBuildConfiguration;
			buildSettings = {
				PRODUCT_NAME = Compiler;
			};
			name = Release;
		};
/* End XCBuildConfiguration section */

/* Begin XCConfigurationList section */
		4F9A30701C99CF7700E8CF9C /* Build configuration list for PBXProject "Compiler" */ = {
			isa = XCConfigurationList;
			buildConfigurations = (
				4F9A307A1C99CF7800E8CF9C /* Debug */,
				4F9A307B1C99CF7800E8CF9C /* Release */,
			);
			defaultConfigurationIsVisible = 0;
			defaultConfigurationName = Release;
		};
		4F9A307C1C99CF7800E8CF9C /* Build configuration list for PBXNativeTarget "Compiler" */ = {
			isa = XCConfigurationList;
			buildConfigurations = (
				4F9A307D1C99CF7800E8CF9C /* Debug */,
				4F9A307E1C99CF7800E8CF9C /* Release */,
			);
			defaultConfigurationIsVisible = 0;
			defaultConfigurationName = Release;
		};
/* End XCConfigurationList section */
	};
	rootObject = 4F9A306D1C99CF7700E8CF9C /* Project object */;
}
